
Microsoft Visual Studio Solution File, Format Version 12.00
# Visual Studio Version 17
VisualStudioVersion = 17.13.35828.75 d17.13
MinimumVisualStudioVersion = 10.0.40219.1
Project("{FAE04EC0-301F-11D3-BF4B-00C04F79EFBC}") = "EasyPlay", "EasyPlay.csproj", "{EC4DCDF2-12E6-4374-99DE-7BD5840114AB}"
EndProject
Global
	GlobalSection(SolutionConfigurationPlatforms) = preSolution
		Debug|Any CPU = Debug|Any CPU
		Release|Any CPU = Release|Any CPU
	EndGlobalSection
	GlobalSection(ProjectConfigurationPlatforms) = postSolution
		{EC4DCDF2-12E6-4374-99DE-7BD5840114AB}.Debug|Any CPU.ActiveCfg = Debug|Any CPU
		{EC4DCDF2-12E6-4374-99DE-7BD5840114AB}.Debug|Any CPU.Build.0 = Debug|Any CPU
		{EC4DCDF2-12E6-4374-99DE-7BD5840114AB}.Release|Any CPU.ActiveCfg = Release|Any CPU
		{EC4DCDF2-12E6-4374-99DE-7BD5840114AB}.Release|Any CPU.Build.0 = Release|Any CPU
	EndGlobalSection
	GlobalSection(SolutionProperties) = preSolution
		HideSolutionNode = FALSE
	EndGlobalSection
	GlobalSection(ExtensibilityGlobals) = postSolution
		SolutionGuid = {DAF4CD11-0F4C-41E0-BB83-5CF498CE155B}
	EndGlobalSection
EndGlobal
